
Microsoft Visual Studio Solution File, Format Version 12.00
# Visual Studio 15
VisualStudioVersion = 15.0.28307.168
MinimumVisualStudioVersion = 10.0.40219.1
Project("{FAE04EC0-301F-11D3-BF4B-00C04F79EFBC}") = "Receiver", "Receiver\Receiver.csproj", "{3BC505FA-8920-494B-92AB-339A6EDE3E1F}"
EndProject
Global
	GlobalSection(SolutionConfigurationPlatforms) = preSolution
		Debug|Any CPU = Debug|Any CPU
		Release|Any CPU = Release|Any CPU
	EndGlobalSection
	GlobalSection(ProjectConfigurationPlatforms) = postSolution
		{3BC505FA-8920-494B-92AB-339A6EDE3E1F}.Debug|Any CPU.ActiveCfg = Debug|Any CPU
		{3BC505FA-8920-494B-92AB-339A6EDE3E1F}.Debug|Any CPU.Build.0 = Debug|Any CPU
		{3BC505FA-8920-494B-92AB-339A6EDE3E1F}.Release|Any CPU.ActiveCfg = Release|Any CPU
		{3BC505FA-8920-494B-92AB-339A6EDE3E1F}.Release|Any CPU.Build.0 = Release|Any CPU
	EndGlobalSection
	GlobalSection(SolutionProperties) = preSolution
		HideSolutionNode = FALSE
	EndGlobalSection
	GlobalSection(ExtensibilityGlobals) = postSolution
		SolutionGuid = {1693DF6F-968D-46D5-88EB-C562CE18E75F}
	EndGlobalSection
EndGlobal
